
Microsoft Visual Studio Solution File, Format Version 12.00
# Visual Studio 15
VisualStudioVersion = 15.0.27703.2000
MinimumVisualStudioVersion = 10.0.40219.1
Project("{FAE04EC0-301F-11D3-BF4B-00C04F79EFBC}") = "AuthRoutes.WebApplication", "AuthRoutes.WebApplication\AuthRoutes.WebApplication.csproj", "{1A84A732-C71B-40CD-B435-4EA3003C5D30}"
EndProject
Project("{FAE04EC0-301F-11D3-BF4B-00C04F79EFBC}") = "AuthRoutes.WebApi", "AuthRoutes.WebApi\AuthRoutes.WebApi.csproj", "{7E925AF6-5FAB-475E-BEB4-150A975EADA9}"
EndProject
Project("{FAE04EC0-301F-11D3-BF4B-00C04F79EFBC}") = "AuthRoutes.IdServer", "AuthRoutes.IdServer\AuthRoutes.IdServer.csproj", "{9EB66C5C-EFAA-46F0-8D65-59CFF3D43779}"
EndProject
Project("{FAE04EC0-301F-11D3-BF4B-00C04F79EFBC}") = "AuthRoutes.Core", "AuthRoutes.Core\AuthRoutes.Core.csproj", "{CF4613F5-912F-4D24-8D43-E38330A0B3E7}"
EndProject
Global
	GlobalSection(SolutionConfigurationPlatforms) = preSolution
		Debug|Any CPU = Debug|Any CPU
		Release|Any CPU = Release|Any CPU
	EndGlobalSection
	GlobalSection(ProjectConfigurationPlatforms) = postSolution
		{1A84A732-C71B-40CD-B435-4EA3003C5D30}.Debug|Any CPU.ActiveCfg = Debug|Any CPU
		{1A84A732-C71B-40CD-B435-4EA3003C5D30}.Debug|Any CPU.Build.0 = Debug|Any CPU
		{1A84A732-C71B-40CD-B435-4EA3003C5D30}.Release|Any CPU.ActiveCfg = Release|Any CPU
		{1A84A732-C71B-40CD-B435-4EA3003C5D30}.Release|Any CPU.Build.0 = Release|Any CPU
		{7E925AF6-5FAB-475E-BEB4-150A975EADA9}.Debug|Any CPU.ActiveCfg = Debug|Any CPU
		{7E925AF6-5FAB-475E-BEB4-150A975EADA9}.Debug|Any CPU.Build.0 = Debug|Any CPU
		{7E925AF6-5FAB-475E-BEB4-150A975EADA9}.Release|Any CPU.ActiveCfg = Release|Any CPU
		{7E925AF6-5FAB-475E-BEB4-150A975EADA9}.Release|Any CPU.Build.0 = Release|Any CPU
		{9EB66C5C-EFAA-46F0-8D65-59CFF3D43779}.Debug|Any CPU.ActiveCfg = Debug|Any CPU
		{9EB66C5C-EFAA-46F0-8D65-59CFF3D43779}.Debug|Any CPU.Build.0 = Debug|Any CPU
		{9EB66C5C-EFAA-46F0-8D65-59CFF3D43779}.Release|Any CPU.ActiveCfg = Release|Any CPU
		{9EB66C5C-EFAA-46F0-8D65-59CFF3D43779}.Release|Any CPU.Build.0 = Release|Any CPU
		{CF4613F5-912F-4D24-8D43-E38330A0B3E7}.Debug|Any CPU.ActiveCfg = Debug|Any CPU
		{CF4613F5-912F-4D24-8D43-E38330A0B3E7}.Debug|Any CPU.Build.0 = Debug|Any CPU
		{CF4613F5-912F-4D24-8D43-E38330A0B3E7}.Release|Any CPU.ActiveCfg = Release|Any CPU
		{CF4613F5-912F-4D24-8D43-E38330A0B3E7}.Release|Any CPU.Build.0 = Release|Any CPU
	EndGlobalSection
	GlobalSection(SolutionProperties) = preSolution
		HideSolutionNode = FALSE
	EndGlobalSection
	GlobalSection(ExtensibilityGlobals) = postSolution
		SolutionGuid = {4794E9D9-8EF5-4EE0-A36B-26B77C63624D}
	EndGlobalSection
EndGlobal
